
Microsoft Visual Studio Solution File, Format Version 12.00
# Visual Studio 15
VisualStudioVersion = 15.0.27428.2043
MinimumVisualStudioVersion = 10.0.40219.1
Project("{FAE04EC0-301F-11D3-BF4B-00C04F79EFBC}") = "ConsoleApp1", "ConsoleApp1\ConsoleApp1.csproj", "{F6A7DB8E-276A-4482-9047-C03B6AD7BCDC}"
EndProject
Global
	GlobalSection(SolutionConfigurationPlatforms) = preSolution
		Debug|Any CPU = Debug|Any CPU
		Release|Any CPU = Release|Any CPU
	EndGlobalSection
	GlobalSection(ProjectConfigurationPlatforms) = postSolution
		{F6A7DB8E-276A-4482-9047-C03B6AD7BCDC}.Debug|Any CPU.ActiveCfg = Debug|Any CPU
		{F6A7DB8E-276A-4482-9047-C03B6AD7BCDC}.Debug|Any CPU.Build.0 = Debug|Any CPU
		{F6A7DB8E-276A-4482-9047-C03B6AD7BCDC}.Release|Any CPU.ActiveCfg = Release|Any CPU
		{F6A7DB8E-276A-4482-9047-C03B6AD7BCDC}.Release|Any CPU.Build.0 = Release|Any CPU
	EndGlobalSection
	GlobalSection(SolutionProperties) = preSolution
		HideSolutionNode = FALSE
	EndGlobalSection
	GlobalSection(ExtensibilityGlobals) = postSolution
		SolutionGuid = {943DD36E-43A9-4B44-9B8E-899601D1A55C}
	EndGlobalSection
EndGlobal
